
Microsoft Visual Studio Solution File, Format Version 12.00
# Visual Studio 15
VisualStudioVersion = 15.0.27004.2005
MinimumVisualStudioVersion = 10.0.40219.1
Project("{FAE04EC0-301F-11D3-BF4B-00C04F79EFBC}") = "Spotify.Playlister", "Spotify.Playlister\Spotify.Playlister.csproj", "{04A4E7DD-7258-4AC0-9678-E1D84CA4B332}"
EndProject
Global
	GlobalSection(SolutionConfigurationPlatforms) = preSolution
		Debug|Any CPU = Debug|Any CPU
		Release|Any CPU = Release|Any CPU
	EndGlobalSection
	GlobalSection(ProjectConfigurationPlatforms) = postSolution
		{04A4E7DD-7258-4AC0-9678-E1D84CA4B332}.Debug|Any CPU.ActiveCfg = Debug|Any CPU
		{04A4E7DD-7258-4AC0-9678-E1D84CA4B332}.Debug|Any CPU.Build.0 = Debug|Any CPU
		{04A4E7DD-7258-4AC0-9678-E1D84CA4B332}.Release|Any CPU.ActiveCfg = Release|Any CPU
		{04A4E7DD-7258-4AC0-9678-E1D84CA4B332}.Release|Any CPU.Build.0 = Release|Any CPU
	EndGlobalSection
	GlobalSection(SolutionProperties) = preSolution
		HideSolutionNode = FALSE
	EndGlobalSection
	GlobalSection(ExtensibilityGlobals) = postSolution
		SolutionGuid = {F5478DFF-956F-49B8-9107-5FF9C04A7AA1}
	EndGlobalSection
EndGlobal
